
Microsoft Visual Studio Solution File, Format Version 12.00
# Visual Studio Version 17
VisualStudioVersion = 17.9.34714.143
MinimumVisualStudioVersion = 10.0.40219.1
Project("{FAE04EC0-301F-11D3-BF4B-00C04F79EFBC}") = "POO", "POO\POO.csproj", "{03B6F1C7-2C68-421D-A617-382FAC832976}"
EndProject
Project("{FAE04EC0-301F-11D3-BF4B-00C04F79EFBC}") = "Gestion de ventas Libreria", "Gestion de ventas Libreria\Gestion de ventas Libreria.csproj", "{7FF9649E-B081-4030-99E5-454A3F7B3F51}"
EndProject
Project("{FAE04EC0-301F-11D3-BF4B-00C04F79EFBC}") = "Clase_10_05_Junio_Eventos_Delegados", "Clase_10_05_Junio_Eventos_Delegados\Clase_10_05_Junio_Eventos_Delegados.csproj", "{8CB2490D-263E-47DE-9749-E1AD7D2566D8}"
EndProject
Global
	GlobalSection(SolutionConfigurationPlatforms) = preSolution
		Debug|Any CPU = Debug|Any CPU
		Release|Any CPU = Release|Any CPU
	EndGlobalSection
	GlobalSection(ProjectConfigurationPlatforms) = postSolution
		{03B6F1C7-2C68-421D-A617-382FAC832976}.Debug|Any CPU.ActiveCfg = Debug|Any CPU
		{03B6F1C7-2C68-421D-A617-382FAC832976}.Debug|Any CPU.Build.0 = Debug|Any CPU
		{03B6F1C7-2C68-421D-A617-382FAC832976}.Release|Any CPU.ActiveCfg = Release|Any CPU
		{03B6F1C7-2C68-421D-A617-382FAC832976}.Release|Any CPU.Build.0 = Release|Any CPU
		{7FF9649E-B081-4030-99E5-454A3F7B3F51}.Debug|Any CPU.ActiveCfg = Debug|Any CPU
		{7FF9649E-B081-4030-99E5-454A3F7B3F51}.Debug|Any CPU.Build.0 = Debug|Any CPU
		{7FF9649E-B081-4030-99E5-454A3F7B3F51}.Release|Any CPU.ActiveCfg = Release|Any CPU
		{7FF9649E-B081-4030-99E5-454A3F7B3F51}.Release|Any CPU.Build.0 = Release|Any CPU
		{8CB2490D-263E-47DE-9749-E1AD7D2566D8}.Debug|Any CPU.ActiveCfg = Debug|Any CPU
		{8CB2490D-263E-47DE-9749-E1AD7D2566D8}.Debug|Any CPU.Build.0 = Debug|Any CPU
		{8CB2490D-263E-47DE-9749-E1AD7D2566D8}.Release|Any CPU.ActiveCfg = Release|Any CPU
		{8CB2490D-263E-47DE-9749-E1AD7D2566D8}.Release|Any CPU.Build.0 = Release|Any CPU
	EndGlobalSection
	GlobalSection(SolutionProperties) = preSolution
		HideSolutionNode = FALSE
	EndGlobalSection
	GlobalSection(ExtensibilityGlobals) = postSolution
		SolutionGuid = {B7A6CBBB-954B-4F63-8681-9475BD066B68}
	EndGlobalSection
EndGlobal
